
Microsoft Visual Studio Solution File, Format Version 12.00
# Visual Studio Version 17
VisualStudioVersion = 17.7.34202.233
MinimumVisualStudioVersion = 10.0.40219.1
Project("{FAE04EC0-301F-11D3-BF4B-00C04F79EFBC}") = "ENUM C#", "ENUM C#.csproj", "{169B8860-7A84-48EA-9826-D0203B6697E1}"
EndProject
Global
	GlobalSection(SolutionConfigurationPlatforms) = preSolution
		Debug|Any CPU = Debug|Any CPU
		Release|Any CPU = Release|Any CPU
	EndGlobalSection
	GlobalSection(ProjectConfigurationPlatforms) = postSolution
		{169B8860-7A84-48EA-9826-D0203B6697E1}.Debug|Any CPU.ActiveCfg = Debug|Any CPU
		{169B8860-7A84-48EA-9826-D0203B6697E1}.Debug|Any CPU.Build.0 = Debug|Any CPU
		{169B8860-7A84-48EA-9826-D0203B6697E1}.Release|Any CPU.ActiveCfg = Release|Any CPU
		{169B8860-7A84-48EA-9826-D0203B6697E1}.Release|Any CPU.Build.0 = Release|Any CPU
	EndGlobalSection
	GlobalSection(SolutionProperties) = preSolution
		HideSolutionNode = FALSE
	EndGlobalSection
	GlobalSection(ExtensibilityGlobals) = postSolution
		SolutionGuid = {E388BD0B-ED6E-4129-909B-93D49B5E873E}
	EndGlobalSection
EndGlobal
